
Microsoft Visual Studio Solution File, Format Version 12.00
# Visual Studio 2013
VisualStudioVersion = 12.0.21005.1
MinimumVisualStudioVersion = 10.0.40219.1
Project("{FAE04EC0-301F-11D3-BF4B-00C04F79EFBC}") = "MagnetDrawBoard", "MagnetDrawBoard\MagnetDrawBoard.csproj", "{827CBAED-7315-45A9-AFE7-11D43F8D9EBC}"
EndProject
Project("{FAE04EC0-301F-11D3-BF4B-00C04F79EFBC}") = "ShareLib", "ShareLib\ShareLib.csproj", "{FE88939B-C440-461E-A5FC-701D9A3EC3D8}"
EndProject
Global
	GlobalSection(SolutionConfigurationPlatforms) = preSolution
		Debug|Any CPU = Debug|Any CPU
		Release|Any CPU = Release|Any CPU
	EndGlobalSection
	GlobalSection(ProjectConfigurationPlatforms) = postSolution
		{827CBAED-7315-45A9-AFE7-11D43F8D9EBC}.Debug|Any CPU.ActiveCfg = Debug|Any CPU
		{827CBAED-7315-45A9-AFE7-11D43F8D9EBC}.Debug|Any CPU.Build.0 = Debug|Any CPU
		{827CBAED-7315-45A9-AFE7-11D43F8D9EBC}.Release|Any CPU.ActiveCfg = Release|Any CPU
		{827CBAED-7315-45A9-AFE7-11D43F8D9EBC}.Release|Any CPU.Build.0 = Release|Any CPU
		{FE88939B-C440-461E-A5FC-701D9A3EC3D8}.Debug|Any CPU.ActiveCfg = Debug|Any CPU
		{FE88939B-C440-461E-A5FC-701D9A3EC3D8}.Debug|Any CPU.Build.0 = Debug|Any CPU
		{FE88939B-C440-461E-A5FC-701D9A3EC3D8}.Release|Any CPU.ActiveCfg = Release|Any CPU
		{FE88939B-C440-461E-A5FC-701D9A3EC3D8}.Release|Any CPU.Build.0 = Release|Any CPU
	EndGlobalSection
	GlobalSection(SolutionProperties) = preSolution
		HideSolutionNode = FALSE
	EndGlobalSection
EndGlobal
